
Microsoft Visual Studio Solution File, Format Version 12.00
# Visual Studio Version 16
VisualStudioVersion = 16.0.30907.101
MinimumVisualStudioVersion = 10.0.40219.1
Project("{FAE04EC0-301F-11D3-BF4B-00C04F79EFBC}") = "DataAccess", "DataAccess\DataAccess.csproj", "{8E00333F-0967-4C41-BB7E-0B0C7E15605C}"
EndProject
Project("{FAE04EC0-301F-11D3-BF4B-00C04F79EFBC}") = "Business", "Business\Business.csproj", "{435E541F-54FA-44E7-89A9-7A50E806E009}"
EndProject
Project("{FAE04EC0-301F-11D3-BF4B-00C04F79EFBC}") = "Entities", "Entities\Entities.csproj", "{F827F04F-8085-46A5-8518-12647B38DB61}"
EndProject
Project("{FAE04EC0-301F-11D3-BF4B-00C04F79EFBC}") = "ConsoleUI", "ConsoleUI\ConsoleUI.csproj", "{08E52F8B-9678-4725-B3D3-7696608CEDC0}"
EndProject
Global
	GlobalSection(SolutionConfigurationPlatforms) = preSolution
		Debug|Any CPU = Debug|Any CPU
		Release|Any CPU = Release|Any CPU
	EndGlobalSection
	GlobalSection(ProjectConfigurationPlatforms) = postSolution
		{8E00333F-0967-4C41-BB7E-0B0C7E15605C}.Debug|Any CPU.ActiveCfg = Debug|Any CPU
		{8E00333F-0967-4C41-BB7E-0B0C7E15605C}.Debug|Any CPU.Build.0 = Debug|Any CPU
		{8E00333F-0967-4C41-BB7E-0B0C7E15605C}.Release|Any CPU.ActiveCfg = Release|Any CPU
		{8E00333F-0967-4C41-BB7E-0B0C7E15605C}.Release|Any CPU.Build.0 = Release|Any CPU
		{435E541F-54FA-44E7-89A9-7A50E806E009}.Debug|Any CPU.ActiveCfg = Debug|Any CPU
		{435E541F-54FA-44E7-89A9-7A50E806E009}.Debug|Any CPU.Build.0 = Debug|Any CPU
		{435E541F-54FA-44E7-89A9-7A50E806E009}.Release|Any CPU.ActiveCfg = Release|Any CPU
		{435E541F-54FA-44E7-89A9-7A50E806E009}.Release|Any CPU.Build.0 = Release|Any CPU
		{F827F04F-8085-46A5-8518-12647B38DB61}.Debug|Any CPU.ActiveCfg = Debug|Any CPU
		{F827F04F-8085-46A5-8518-12647B38DB61}.Debug|Any CPU.Build.0 = Debug|Any CPU
		{F827F04F-8085-46A5-8518-12647B38DB61}.Release|Any CPU.ActiveCfg = Release|Any CPU
		{F827F04F-8085-46A5-8518-12647B38DB61}.Release|Any CPU.Build.0 = Release|Any CPU
		{08E52F8B-9678-4725-B3D3-7696608CEDC0}.Debug|Any CPU.ActiveCfg = Debug|Any CPU
		{08E52F8B-9678-4725-B3D3-7696608CEDC0}.Debug|Any CPU.Build.0 = Debug|Any CPU
		{08E52F8B-9678-4725-B3D3-7696608CEDC0}.Release|Any CPU.ActiveCfg = Release|Any CPU
		{08E52F8B-9678-4725-B3D3-7696608CEDC0}.Release|Any CPU.Build.0 = Release|Any CPU
	EndGlobalSection
	GlobalSection(SolutionProperties) = preSolution
		HideSolutionNode = FALSE
	EndGlobalSection
	GlobalSection(ExtensibilityGlobals) = postSolution
		SolutionGuid = {FF6BB8F0-732C-485D-919D-B76715DABE9F}
	EndGlobalSection
EndGlobal
